
Microsoft Visual Studio Solution File, Format Version 12.00
# Visual Studio 14
VisualStudioVersion = 14.0.25420.1
MinimumVisualStudioVersion = 10.0.40219.1
Project("{FAE04EC0-301F-11D3-BF4B-00C04F79EFBC}") = "ExpenseLink", "ExpenseLink\ExpenseLink.csproj", "{3A0C804C-7CD1-41B6-9737-0C69A6AA9841}"
EndProject
Project("{FAE04EC0-301F-11D3-BF4B-00C04F79EFBC}") = "ExpenseLink.Tests", "ExpenseLink.Tests\ExpenseLink.Tests.csproj", "{2591C363-398B-465A-9931-3DFE60651C69}"
EndProject
Global
	GlobalSection(SolutionConfigurationPlatforms) = preSolution
		Debug|Any CPU = Debug|Any CPU
		Release|Any CPU = Release|Any CPU
	EndGlobalSection
	GlobalSection(ProjectConfigurationPlatforms) = postSolution
		{3A0C804C-7CD1-41B6-9737-0C69A6AA9841}.Debug|Any CPU.ActiveCfg = Debug|Any CPU
		{3A0C804C-7CD1-41B6-9737-0C69A6AA9841}.Debug|Any CPU.Build.0 = Debug|Any CPU
		{3A0C804C-7CD1-41B6-9737-0C69A6AA9841}.Release|Any CPU.ActiveCfg = Release|Any CPU
		{3A0C804C-7CD1-41B6-9737-0C69A6AA9841}.Release|Any CPU.Build.0 = Release|Any CPU
		{2591C363-398B-465A-9931-3DFE60651C69}.Debug|Any CPU.ActiveCfg = Debug|Any CPU
		{2591C363-398B-465A-9931-3DFE60651C69}.Debug|Any CPU.Build.0 = Debug|Any CPU
		{2591C363-398B-465A-9931-3DFE60651C69}.Release|Any CPU.ActiveCfg = Release|Any CPU
		{2591C363-398B-465A-9931-3DFE60651C69}.Release|Any CPU.Build.0 = Release|Any CPU
	EndGlobalSection
	GlobalSection(SolutionProperties) = preSolution
		HideSolutionNode = FALSE
	EndGlobalSection
EndGlobal
